# This file is automatically @generated by Poetry 1.8.3 and should not be changed by hand.

[[package]]
name = "configparser"
version = "7.0.0"
description = "Updated configparser from stdlib for earlier Pythons."
optional = false
python-versions = ">=3.8"
files = [
    {file = "configparser-7.0.0-py3-none-any.whl", hash = "sha256:f46d52a12811c637104c6bb8eb33693be0038ab6bf01d69aae009c39ec8c2017"},
    {file = "configparser-7.0.0.tar.gz", hash = "sha256:af3c618a67aaaedc4d689fd7317d238f566b9aa03cae50102e92d7f0dfe78ba0"},
]

[package.extras]
docs = ["furo", "jaraco.packaging (>=9.3)", "jaraco.tidelift (>=1.4)", "rst.linker (>=1.9)", "sphinx (>=3.5)", "sphinx-lint"]
testing = ["pytest (>=6,!=8.1.1)", "pytest-checkdocs (>=2.4)", "pytest-cov", "pytest-enabler (>=2.2)", "pytest-mypy", "pytest-ruff (>=0.2.1)", "types-backports"]

[metadata]
lock-version = "2.0"
python-versions = "^3.10"
content-hash = "ddafd7240313b2c949e17399a538d834261e74571fabcd2b01716107f61f6622"
